{
  "name": "csv",
  "version": "1.0.0",
  "lockfileVersion": 1,
  "requires": true,
  "dependencies": {
    "@types/arcgis-js-api": {
      "version": "4.24.0",
      "resolved": "https://registry.npmjs.org/@types/arcgis-js-api/-/arcgis-js-api-4.24.0.tgz",
      "integrity": "sha512-Qh6Yw1g4cBq1UGoX1xI+G+4NgxZgTgmSj6IdV8CE9k7IRdPOZIHeEC5ZHDjf93mgjbD8vytPZWHVvcYs1F/PDw=="
    },
    "@types/chai": {
      "version": "4.3.3",
      "resolved": "https://registry.npmjs.org/@types/chai/-/chai-4.3.3.tgz",
      "integrity": "sha512-hC7OMnszpxhZPduX+m+nrx+uFoLkWOMiR4oa/AZF3MuSETYTZmFfJAHqZEM8MVlvfG7BEUcgvtwoCTxBp6hm3g==",
      "dev": true
    },
    "dojo-typings": {
      "version": "1.11.11",
      "resolved": "https://registry.npmjs.org/dojo-typings/-/dojo-typings-1.11.11.tgz",
      "integrity": "sha512-5pWx9QUnQYruPl4SnD1Y8STFBlqnw+Q6ku2Nl2UcULZyHPOPLGZaDLF+hMe7/3lL0OTtQ3VJfW3D+vN17yq6iQ==",
      "dev": true,
      "requires": {
        "@types/chai": "^4.0.4"
      }
    },
    "tslib": {
      "version": "2.4.0",
      "resolved": "https://registry.npmjs.org/tslib/-/tslib-2.4.0.tgz",
      "integrity": "sha512-d6xOpEDfsi2CZVlPQzGeux8XMwLT9hssAsaPYExaQMuYskwb+x1x7J371tWlbBdWHroy99KnVB6qIkUbs5X3UQ=="
    }
  }
}
